// !$*UTF8*$!
{
	archiveVersion = 1;
	classes = {
	};
	objectVersion = 46;
	objects = {

/* Begin PBXBuildFile section */
		981556131C56AB900028DA8A /* main.m in Sources */ = {isa = PBXBuildFile; fileRef = 981556121C56AB900028DA8A /* main.m */; };
		981556161C56AB900028DA8A /* AppDelegate.m in Sources */ = {isa = PBXBuildFile; fileRef = 981556151C56AB900028DA8A /* AppDelegate.m */; };
		981556191C56AB900028DA8A /* ViewController.m in Sources */ = {isa = PBXBuildFile; fileRef = 981556181C56AB900028DA8A /* ViewController.m */; };
		9815561F1C56AB900028DA8A /* Assessment3.xcdatamodeld in Sources */ = {isa = PBXBuildFile; fileRef = 9815561D1C56AB900028DA8A /* Assessment3.xcdatamodeld */; };
		981556211C56AB900028DA8A /* Assets.xcassets in Resources */ = {isa = PBXBuildFile; fileRef = 981556201C56AB900028DA8A /* Assets.xcassets */; };
		981556241C56AB900028DA8A /* LaunchScreen.storyboard in Resources */ = {isa = PBXBuildFile; fileRef = 981556221C56AB900028DA8A /* LaunchScreen.storyboard */; };
		9815562C1C56AC910028DA8A /* Main.storyboard in Resources */ = {isa = PBXBuildFile; fileRef = 9815562B1C56AC910028DA8A /* Main.storyboard */; };
		9815562F1C56ACB90028DA8A /* CatsViewController.m in Sources */ = {isa = PBXBuildFile; fileRef = 9815562E1C56ACB90028DA8A /* CatsViewController.m */; };
		981556321C56ACCA0028DA8A /* AddCatViewController.m in Sources */ = {isa = PBXBuildFile; fileRef = 981556311C56ACCA0028DA8A /* AddCatViewController.m */; };
		981556341C56B12C0028DA8A /* catowners.plist in Resources */ = {isa = PBXBuildFile; fileRef = 981556331C56B12C0028DA8A /* catowners.plist */; };
		A30122CB1C5BDA650079A023 /* Cat+CoreDataProperties.m in Sources */ = {isa = PBXBuildFile; fileRef = A30122C41C5BDA650079A023 /* Cat+CoreDataProperties.m */; };
		A30122CC1C5BDA650079A023 /* Cat.m in Sources */ = {isa = PBXBuildFile; fileRef = A30122C61C5BDA650079A023 /* Cat.m */; };
		A30122CD1C5BDA650079A023 /* Owner+CoreDataProperties.m in Sources */ = {isa = PBXBuildFile; fileRef = A30122C81C5BDA650079A023 /* Owner+CoreDataProperties.m */; };
		A30122CE1C5BDA650079A023 /* Owner.m in Sources */ = {isa = PBXBuildFile; fileRef = A30122CA1C5BDA650079A023 /* Owner.m */; };
/* End PBXBuildFile section */

/* Begin PBXFileReference section */
		9815560E1C56AB900028DA8A /* Assessment3.app */ = {isa = PBXFileReference; explicitFileType = wrapper.application; includeInIndex = 0; path = Assessment3.app; sourceTree = BUILT_PRODUCTS_DIR; };
		981556121C56AB900028DA8A /* main.m */ = {isa = PBXFileReference; lastKnownFileType = sourcecode.c.objc; path = main.m; sourceTree = "<group>"; };
		981556141C56AB900028DA8A /* AppDelegate.h */ = {isa = PBXFileReference; lastKnownFileType = sourcecode.c.h; path = AppDelegate.h; sourceTree = "<group>"; };
		981556151C56AB900028DA8A /* AppDelegate.m */ = {isa = PBXFileReference; lastKnownFileType = sourcecode.c.objc; path = AppDelegate.m; sourceTree = "<group>"; };
		981556171C56AB900028DA8A /* ViewController.h */ = {isa = PBXFileReference; lastKnownFileType = sourcecode.c.h; path = ViewController.h; sourceTree = "<group>"; };
		981556181C56AB900028DA8A /* ViewController.m */ = {isa = PBXFileReference; lastKnownFileType = sourcecode.c.objc; path = ViewController.m; sourceTree = "<group>"; };
		9815561E1C56AB900028DA8A /* Assessment3.xcdatamodel */ = {isa = PBXFileReference; lastKnownFileType = wrapper.xcdatamodel; path = Assessment3.xcdatamodel; sourceTree = "<group>"; };
		981556201C56AB900028DA8A /* Assets.xcassets */ = {isa = PBXFileReference; lastKnownFileType = folder.assetcatalog; path = Assets.xcassets; sourceTree = "<group>"; };
		981556231C56AB900028DA8A /* Base */ = {isa = PBXFileReference; lastKnownFileType = file.storyboard; name = Base; path = Base.lproj/LaunchScreen.storyboard; sourceTree = "<group>"; };
		981556251C56AB900028DA8A /* Info.plist */ = {isa = PBXFileReference; lastKnownFileType = text.plist.xml; path = Info.plist; sourceTree = "<group>"; };
		9815562B1C56AC910028DA8A /* Main.storyboard */ = {isa = PBXFileReference; fileEncoding = 4; lastKnownFileType = file.storyboard; path = Main.storyboard; sourceTree = "<group>"; };
		9815562D1C56ACB90028DA8A /* CatsViewController.h */ = {isa = PBXFileReference; fileEncoding = 4; lastKnownFileType = sourcecode.c.h; path = CatsViewController.h; sourceTree = "<group>"; };
		9815562E1C56ACB90028DA8A /* CatsViewController.m */ = {isa = PBXFileReference; fileEncoding = 4; lastKnownFileType = sourcecode.c.objc; path = CatsViewController.m; sourceTree = "<group>"; };
		981556301C56ACCA0028DA8A /* AddCatViewController.h */ = {isa = PBXFileReference; fileEncoding = 4; lastKnownFileType = sourcecode.c.h; path = AddCatViewController.h; sourceTree = "<group>"; };
		981556311C56ACCA0028DA8A /* AddCatViewController.m */ = {isa = PBXFileReference; fileEncoding = 4; lastKnownFileType = sourcecode.c.objc; path = AddCatViewController.m; sourceTree = "<group>"; };
		981556331C56B12C0028DA8A /* catowners.plist */ = {isa = PBXFileReference; fileEncoding = 4; lastKnownFileType = text.plist.xml; path = catowners.plist; sourceTree = "<group>"; };
		A30122C31C5BDA650079A023 /* Cat+CoreDataProperties.h */ = {isa = PBXFileReference; fileEncoding = 4; lastKnownFileType = sourcecode.c.h; name = "Cat+CoreDataProperties.h"; path = "Assessment3/Cat+CoreDataProperties.h"; sourceTree = "<group>"; };
		A30122C41C5BDA650079A023 /* Cat+CoreDataProperties.m */ = {isa = PBXFileReference; fileEncoding = 4; lastKnownFileType = sourcecode.c.objc; name = "Cat+CoreDataProperties.m"; path = "Assessment3/Cat+CoreDataProperties.m"; sourceTree = "<group>"; };
		A30122C51C5BDA650079A023 /* Cat.h */ = {isa = PBXFileReference; fileEncoding = 4; lastKnownFileType = sourcecode.c.h; name = Cat.h; path = Assessment3/Cat.h; sourceTree = "<group>"; };
		A30122C61C5BDA650079A023 /* Cat.m */ = {isa = PBXFileReference; fileEncoding = 4; lastKnownFileType = sourcecode.c.objc; name = Cat.m; path = Assessment3/Cat.m; sourceTree = "<group>"; };
		A30122C71C5BDA650079A023 /* Owner+CoreDataProperties.h */ = {isa = PBXFileReference; fileEncoding = 4; lastKnownFileType = sourcecode.c.h; name = "Owner+CoreDataProperties.h"; path = "Assessment3/Owner+CoreDataProperties.h"; sourceTree = "<group>"; };
		A30122C81C5BDA650079A023 /* Owner+CoreDataProperties.m */ = {isa = PBXFileReference; fileEncoding = 4; lastKnownFileType = sourcecode.c.objc; name = "Owner+CoreDataProperties.m"; path = "Assessment3/Owner+CoreDataProperties.m"; sourceTree = "<group>"; };
		A30122C91C5BDA650079A023 /* Owner.h */ = {isa = PBXFileReference; fileEncoding = 4; lastKnownFileType = sourcecode.c.h; name = Owner.h; path = Assessment3/Owner.h; sourceTree = "<group>"; };
		A30122CA1C5BDA650079A023 /* Owner.m */ = {isa = PBXFileReference; fileEncoding = 4; lastKnownFileType = sourcecode.c.objc; name = Owner.m; path = Assessment3/Owner.m; sourceTree = "<group>"; };
/* End PBXFileReference section */

/* Begin PBXFrameworksBuildPhase section */
		9815560B1C56AB900028DA8A /* Frameworks */ = {
			isa = PBXFrameworksBuildPhase;
			buildActionMask = 2147483647;
			files = (
			);
			runOnlyForDeploymentPostprocessing = 0;
		};
/* End PBXFrameworksBuildPhase section */

/* Begin PBXGroup section */
		981556051C56AB900028DA8A = {
			isa = PBXGroup;
			children = (
				A30122C31C5BDA650079A023 /* Cat+CoreDataProperties.h */,
				A30122C41C5BDA650079A023 /* Cat+CoreDataProperties.m */,
				A30122C51C5BDA650079A023 /* Cat.h */,
				A30122C61C5BDA650079A023 /* Cat.m */,
				A30122C71C5BDA650079A023 /* Owner+CoreDataProperties.h */,
				A30122C81C5BDA650079A023 /* Owner+CoreDataProperties.m */,
				A30122C91C5BDA650079A023 /* Owner.h */,
				A30122CA1C5BDA650079A023 /* Owner.m */,
				981556101C56AB900028DA8A /* Assessment3 */,
				9815560F1C56AB900028DA8A /* Products */,
			);
			sourceTree = "<group>";
		};
		9815560F1C56AB900028DA8A /* Products */ = {
			isa = PBXGroup;
			children = (
				9815560E1C56AB900028DA8A /* Assessment3.app */,
			);
			name = Products;
			sourceTree = "<group>";
		};
		981556101C56AB900028DA8A /* Assessment3 */ = {
			isa = PBXGroup;
			children = (
				981556141C56AB900028DA8A /* AppDelegate.h */,
				981556151C56AB900028DA8A /* AppDelegate.m */,
				9815562B1C56AC910028DA8A /* Main.storyboard */,
				981556171C56AB900028DA8A /* ViewController.h */,
				981556181C56AB900028DA8A /* ViewController.m */,
				9815562D1C56ACB90028DA8A /* CatsViewController.h */,
				9815562E1C56ACB90028DA8A /* CatsViewController.m */,
				981556301C56ACCA0028DA8A /* AddCatViewController.h */,
				981556311C56ACCA0028DA8A /* AddCatViewController.m */,
				981556201C56AB900028DA8A /* Assets.xcassets */,
				981556221C56AB900028DA8A /* LaunchScreen.storyboard */,
				981556251C56AB900028DA8A /* Info.plist */,
				981556331C56B12C0028DA8A /* catowners.plist */,
				9815561D1C56AB900028DA8A /* Assessment3.xcdatamodeld */,
				981556111C56AB900028DA8A /* Supporting Files */,
			);
			path = Assessment3;
			sourceTree = "<group>";
		};
		981556111C56AB900028DA8A /* Supporting Files */ = {
			isa = PBXGroup;
			children = (
				981556121C56AB900028DA8A /* main.m */,
			);
			name = "Supporting Files";
			sourceTree = "<group>";
		};
/* End PBXGroup section */

/* Begin PBXNativeTarget section */
		9815560D1C56AB900028DA8A /* Assessment3 */ = {
			isa = PBXNativeTarget;
			buildConfigurationList = 981556281C56AB900028DA8A /* Build configuration list for PBXNativeTarget "Assessment3" */;
			buildPhases = (
				9815560A1C56AB900028DA8A /* Sources */,
				9815560B1C56AB900028DA8A /* Frameworks */,
				9815560C1C56AB900028DA8A /* Resources */,
			);
			buildRules = (
			);
			dependencies = (
			);
			name = Assessment3;
			productName = Assessment3;
			productReference = 9815560E1C56AB900028DA8A /* Assessment3.app */;
			productType = "com.apple.product-type.application";
		};
/* End PBXNativeTarget section */

/* Begin PBXProject section */
		981556061C56AB900028DA8A /* Project object */ = {
			isa = PBXProject;
			attributes = {
				LastUpgradeCheck = 0720;
				ORGANIZATIONNAME = "Mobile Makers";
				TargetAttributes = {
					9815560D1C56AB900028DA8A = {
						CreatedOnToolsVersion = 7.2;
					};
				};
			};
			buildConfigurationList = 981556091C56AB900028DA8A /* Build configuration list for PBXProject "Assessment3" */;
			compatibilityVersion = "Xcode 3.2";
			developmentRegion = English;
			hasScannedForEncodings = 0;
			knownRegions = (
				en,
				Base,
			);
			mainGroup = 981556051C56AB900028DA8A;
			productRefGroup = 9815560F1C56AB900028DA8A /* Products */;
			projectDirPath = "";
			projectRoot = "";
			targets = (
				9815560D1C56AB900028DA8A /* Assessment3 */,
			);
		};
/* End PBXProject section */

/* Begin PBXResourcesBuildPhase section */
		9815560C1C56AB900028DA8A /* Resources */ = {
			isa = PBXResourcesBuildPhase;
			buildActionMask = 2147483647;
			files = (
				9815562C1C56AC910028DA8A /* Main.storyboard in Resources */,
				981556341C56B12C0028DA8A /* catowners.plist in Resources */,
				981556241C56AB900028DA8A /* LaunchScreen.storyboard in Resources */,
				981556211C56AB900028DA8A /* Assets.xcassets in Resources */,
			);
			runOnlyForDeploymentPostprocessing = 0;
		};
/* End PBXResourcesBuildPhase section */

/* Begin PBXSourcesBuildPhase section */
		9815560A1C56AB900028DA8A /* Sources */ = {
			isa = PBXSourcesBuildPhase;
			buildActionMask = 2147483647;
			files = (
				A30122CC1C5BDA650079A023 /* Cat.m in Sources */,
				A30122CE1C5BDA650079A023 /* Owner.m in Sources */,
				981556191C56AB900028DA8A /* ViewController.m in Sources */,
				A30122CB1C5BDA650079A023 /* Cat+CoreDataProperties.m in Sources */,
				981556321C56ACCA0028DA8A /* AddCatViewController.m in Sources */,
				A30122CD1C5BDA650079A023 /* Owner+CoreDataProperties.m in Sources */,
				9815561F1C56AB900028DA8A /* Assessment3.xcdatamodeld in Sources */,
				981556161C56AB900028DA8A /* AppDelegate.m in Sources */,
				981556131C56AB900028DA8A /* main.m in Sources */,
				9815562F1C56ACB90028DA8A /* CatsViewController.m in Sources */,
			);
			runOnlyForDeploymentPostprocessing = 0;
		};
/* End PBXSourcesBuildPhase section */

/* Begin PBXVariantGroup section */
		981556221C56AB900028DA8A /* LaunchScreen.storyboard */ = {
			isa = PBXVariantGroup;
			children = (
				981556231C56AB900028DA8A /* Base */,
			);
			name = LaunchScreen.storyboard;
			sourceTree = "<group>";
		};
/* End PBXVariantGroup section */

/* Begin XCBuildConfiguration section */
		981556261C56AB900028DA8A /* Debug */ = {
			isa = XCBuildConfiguration;
			buildSettings = {
				ALWAYS_SEARCH_USER_PATHS = NO;
				CLANG_CXX_LANGUAGE_STANDARD = "gnu++0x";
				CLANG_CXX_LIBRARY = "libc++";
				CLANG_ENABLE_MODULES = YES;
				CLANG_ENABLE_OBJC_ARC = YES;
				CLANG_WARN_BOOL_CONVERSION = YES;
				CLANG_WARN_CONSTANT_CONVERSION = YES;
				CLANG_WARN_DIRECT_OBJC_ISA_USAGE = YES_ERROR;
				CLANG_WARN_EMPTY_BODY = YES;
				CLANG_WARN_ENUM_CONVERSION = YES;
				CLANG_WARN_INT_CONVERSION = YES;
				CLANG_WARN_OBJC_ROOT_CLASS = YES_ERROR;
				CLANG_WARN_UNREACHABLE_CODE = YES;
				CLANG_WARN__DUPLICATE_METHOD_MATCH = YES;
				"CODE_SIGN_IDENTITY[sdk=iphoneos*]" = "iPhone Developer";
				COPY_PHASE_STRIP = NO;
				DEBUG_INFORMATION_FORMAT = dwarf;
				ENABLE_STRICT_OBJC_MSGSEND = YES;
				ENABLE_TESTABILITY = YES;
				GCC_C_LANGUAGE_STANDARD = gnu99;
				GCC_DYNAMIC_NO_PIC = NO;
				GCC_NO_COMMON_BLOCKS = YES;
				GCC_OPTIMIZATION_LEVEL = 0;
				GCC_PREPROCESSOR_DEFINITIONS = (
					"DEBUG=1",
					"$(inherited)",
				);
				GCC_WARN_64_TO_32_BIT_CONVERSION = YES;
				GCC_WARN_ABOUT_RETURN_TYPE = YES_ERROR;
				GCC_WARN_UNDECLARED_SELECTOR = YES;
				GCC_WARN_UNINITIALIZED_AUTOS = YES_AGGRESSIVE;
				GCC_WARN_UNUSED_FUNCTION = YES;
				GCC_WARN_UNUSED_VARIABLE = YES;
				IPHONEOS_DEPLOYMENT_TARGET = 9.2;
				MTL_ENABLE_DEBUG_INFO = YES;
				ONLY_ACTIVE_ARCH = YES;
				SDKROOT = iphoneos;
			};
			name = Debug;
		};
		981556271C56AB900028DA8A /* Release */ = {
			isa = XCBuildConfiguration;
			buildSettings = {
				ALWAYS_SEARCH_USER_PATHS = NO;
				CLANG_CXX_LANGUAGE_STANDARD = "gnu++0x";
				CLANG_CXX_LIBRARY = "libc++";
				CLANG_ENABLE_MODULES = YES;
				CLANG_ENABLE_OBJC_ARC = YES;
				CLANG_WARN_BOOL_CONVERSION = YES;
				CLANG_WARN_CONSTANT_CONVERSION = YES;
				CLANG_WARN_DIRECT_OBJC_ISA_USAGE = YES_ERROR;
				CLANG_WARN_EMPTY_BODY = YES;
				CLANG_WARN_ENUM_CONVERSION = YES;
				CLANG_WARN_INT_CONVERSION = YES;
				CLANG_WARN_OBJC_ROOT_CLASS = YES_ERROR;
				CLANG_WARN_UNREACHABLE_CODE = YES;
				CLANG_WARN__DUPLICATE_METHOD_MATCH = YES;
				"CODE_SIGN_IDENTITY[sdk=iphoneos*]" = "iPhone Developer";
				COPY_PHASE_STRIP = NO;
				DEBUG_INFORMATION_FORMAT = "dwarf-with-dsym";
				ENABLE_NS_ASSERTIONS = NO;
				ENABLE_STRICT_OBJC_MSGSEND = YES;
				GCC_C_LANGUAGE_STANDARD = gnu99;
				GCC_NO_COMMON_BLOCKS = YES;
				GCC_WARN_64_TO_32_BIT_CONVERSION = YES;
				GCC_WARN_ABOUT_RETURN_TYPE = YES_ERROR;
				GCC_WARN_UNDECLARED_SELECTOR = YES;
				GCC_WARN_UNINITIALIZED_AUTOS = YES_AGGRESSIVE;
				GCC_WARN_UNUSED_FUNCTION = YES;
				GCC_WARN_UNUSED_VARIABLE = YES;
				IPHONEOS_DEPLOYMENT_TARGET = 9.2;
				MTL_ENABLE_DEBUG_INFO = NO;
				SDKROOT = iphoneos;
				VALIDATE_PRODUCT = YES;
			};
			name = Release;
		};
		981556291C56AB900028DA8A /* Debug */ = {
			isa = XCBuildConfiguration;
			buildSettings = {
				ASSETCATALOG_COMPILER_APPICON_NAME = AppIcon;
				INFOPLIST_FILE = Assessment3/Info.plist;
				LD_RUNPATH_SEARCH_PATHS = "$(inherited) @executable_path/Frameworks";
				PRODUCT_BUNDLE_IDENTIFIER = co.mobilemakers.Assessment3;
				PRODUCT_NAME = "$(TARGET_NAME)";
			};
			name = Debug;
		};
		9815562A1C56AB900028DA8A /* Release */ = {
			isa = XCBuildConfiguration;
			buildSettings = {
				ASSETCATALOG_COMPILER_APPICON_NAME = AppIcon;
				INFOPLIST_FILE = Assessment3/Info.plist;
				LD_RUNPATH_SEARCH_PATHS = "$(inherited) @executable_path/Frameworks";
				PRODUCT_BUNDLE_IDENTIFIER = co.mobilemakers.Assessment3;
				PRODUCT_NAME = "$(TARGET_NAME)";
			};
			name = Release;
		};
/* End XCBuildConfiguration section */

/* Begin XCConfigurationList section */
		981556091C56AB900028DA8A /* Build configuration list for PBXProject "Assessment3" */ = {
			isa = XCConfigurationList;
			buildConfigurations = (
				981556261C56AB900028DA8A /* Debug */,
				981556271C56AB900028DA8A /* Release */,
			);
			defaultConfigurationIsVisible = 0;
			defaultConfigurationName = Release;
		};
		981556281C56AB900028DA8A /* Build configuration list for PBXNativeTarget "Assessment3" */ = {
			isa = XCConfigurationList;
			buildConfigurations = (
				981556291C56AB900028DA8A /* Debug */,
				9815562A1C56AB900028DA8A /* Release */,
			);
			defaultConfigurationIsVisible = 0;
			defaultConfigurationName = Release;
		};
/* End XCConfigurationList section */

/* Begin XCVersionGroup section */
		9815561D1C56AB900028DA8A /* Assessment3.xcdatamodeld */ = {
			isa = XCVersionGroup;
			children = (
				9815561E1C56AB900028DA8A /* Assessment3.xcdatamodel */,
			);
			currentVersion = 9815561E1C56AB900028DA8A /* Assessment3.xcdatamodel */;
			path = Assessment3.xcdatamodeld;
			sourceTree = "<group>";
			versionGroupType = wrapper.xcdatamodel;
		};
/* End XCVersionGroup section */
	};
	rootObject = 981556061C56AB900028DA8A /* Project object */;
}
